
Microsoft Visual Studio Solution File, Format Version 12.00
# Visual Studio 15
VisualStudioVersion = 15.0.28010.2026
MinimumVisualStudioVersion = 10.0.40219.1
Project("{8BC9CEB8-8B4A-11D0-8D11-00A0C91BC942}") = "Naive", "Naive\Naive.vcxproj", "{F7C77D4B-61FD-49D3-9073-BDEFB70A0D39}"
EndProject
Project("{8BC9CEB8-8B4A-11D0-8D11-00A0C91BC942}") = "AZDO", "AZDO\AZDO.vcxproj", "{C45C1B9D-3C64-4899-89C8-8FF746F9E38A}"
EndProject
Project("{8BC9CEB8-8B4A-11D0-8D11-00A0C91BC942}") = "Shared", "Shared\Shared.vcxproj", "{C120CC19-1034-4F09-87CE-21304D421C01}"
EndProject
Project("{8BC9CEB8-8B4A-11D0-8D11-00A0C91BC942}") = "Vulkan", "Vulkan\Vulkan.vcxproj", "{7C4E2C61-BC9E-4C8A-8697-12F625AD657D}"
EndProject
Global
	GlobalSection(SolutionConfigurationPlatforms) = preSolution
		Debug|x64 = Debug|x64
		Debug|x86 = Debug|x86
		Release|x64 = Release|x64
		Release|x86 = Release|x86
	EndGlobalSection
	GlobalSection(ProjectConfigurationPlatforms) = postSolution
		{F7C77D4B-61FD-49D3-9073-BDEFB70A0D39}.Debug|x64.ActiveCfg = Debug|x64
		{F7C77D4B-61FD-49D3-9073-BDEFB70A0D39}.Debug|x64.Build.0 = Debug|x64
		{F7C77D4B-61FD-49D3-9073-BDEFB70A0D39}.Debug|x86.ActiveCfg = Debug|Win32
		{F7C77D4B-61FD-49D3-9073-BDEFB70A0D39}.Debug|x86.Build.0 = Debug|Win32
		{F7C77D4B-61FD-49D3-9073-BDEFB70A0D39}.Release|x64.ActiveCfg = Release|x64
		{F7C77D4B-61FD-49D3-9073-BDEFB70A0D39}.Release|x64.Build.0 = Release|x64
		{F7C77D4B-61FD-49D3-9073-BDEFB70A0D39}.Release|x86.ActiveCfg = Release|Win32
		{F7C77D4B-61FD-49D3-9073-BDEFB70A0D39}.Release|x86.Build.0 = Release|Win32
		{C45C1B9D-3C64-4899-89C8-8FF746F9E38A}.Debug|x64.ActiveCfg = Debug|x64
		{C45C1B9D-3C64-4899-89C8-8FF746F9E38A}.Debug|x64.Build.0 = Debug|x64
		{C45C1B9D-3C64-4899-89C8-8FF746F9E38A}.Debug|x86.ActiveCfg = Debug|Win32
		{C45C1B9D-3C64-4899-89C8-8FF746F9E38A}.Debug|x86.Build.0 = Debug|Win32
		{C45C1B9D-3C64-4899-89C8-8FF746F9E38A}.Release|x64.ActiveCfg = Release|x64
		{C45C1B9D-3C64-4899-89C8-8FF746F9E38A}.Release|x64.Build.0 = Release|x64
		{C45C1B9D-3C64-4899-89C8-8FF746F9E38A}.Release|x86.ActiveCfg = Release|Win32
		{C45C1B9D-3C64-4899-89C8-8FF746F9E38A}.Release|x86.Build.0 = Release|Win32
		{C120CC19-1034-4F09-87CE-21304D421C01}.Debug|x64.ActiveCfg = Debug|x64
		{C120CC19-1034-4F09-87CE-21304D421C01}.Debug|x64.Build.0 = Debug|x64
		{C120CC19-1034-4F09-87CE-21304D421C01}.Debug|x86.ActiveCfg = Debug|Win32
		{C120CC19-1034-4F09-87CE-21304D421C01}.Debug|x86.Build.0 = Debug|Win32
		{C120CC19-1034-4F09-87CE-21304D421C01}.Release|x64.ActiveCfg = Release|x64
		{C120CC19-1034-4F09-87CE-21304D421C01}.Release|x64.Build.0 = Release|x64
		{C120CC19-1034-4F09-87CE-21304D421C01}.Release|x86.ActiveCfg = Release|Win32
		{C120CC19-1034-4F09-87CE-21304D421C01}.Release|x86.Build.0 = Release|Win32
		{7C4E2C61-BC9E-4C8A-8697-12F625AD657D}.Debug|x64.ActiveCfg = Debug|x64
		{7C4E2C61-BC9E-4C8A-8697-12F625AD657D}.Debug|x64.Build.0 = Debug|x64
		{7C4E2C61-BC9E-4C8A-8697-12F625AD657D}.Debug|x86.ActiveCfg = Debug|Win32
		{7C4E2C61-BC9E-4C8A-8697-12F625AD657D}.Debug|x86.Build.0 = Debug|Win32
		{7C4E2C61-BC9E-4C8A-8697-12F625AD657D}.Release|x64.ActiveCfg = Release|x64
		{7C4E2C61-BC9E-4C8A-8697-12F625AD657D}.Release|x64.Build.0 = Release|x64
		{7C4E2C61-BC9E-4C8A-8697-12F625AD657D}.Release|x86.ActiveCfg = Release|Win32
		{7C4E2C61-BC9E-4C8A-8697-12F625AD657D}.Release|x86.Build.0 = Release|Win32
	EndGlobalSection
	GlobalSection(SolutionProperties) = preSolution
		HideSolutionNode = FALSE
	EndGlobalSection
	GlobalSection(ExtensibilityGlobals) = postSolution
		SolutionGuid = {A36DD235-81D9-4332-A397-34D3E6A772D6}
	EndGlobalSection
EndGlobal
