<?xml version="1.0" encoding="utf-8"?>
<Project ToolsVersion="4.0" xmlns="http://schemas.microsoft.com/developer/msbuild/2003">
  <ItemGroup>
    <Filter Include="Source Files">
      <UniqueIdentifier>{4FC737F1-C7A5-4376-A066-2A32D752A2FF}</UniqueIdentifier>
      <Extensions>cpp;c;cc;cxx;def;odl;idl;hpj;bat;asm;asmx</Extensions>
    </Filter>
    <Filter Include="Header Files">
      <UniqueIdentifier>{93995380-89BD-4b04-88EB-625FBE52EBFB}</UniqueIdentifier>
      <Extensions>h;hh;hpp;hxx;hm;inl;inc;ipp;xsd</Extensions>
    </Filter>
    <Filter Include="Resource Files">
      <UniqueIdentifier>{67DA6AB6-F800-4c08-8B7A-83BB121AAD01}</UniqueIdentifier>
      <Extensions>rc;ico;cur;bmp;dlg;rc2;rct;bin;rgs;gif;jpg;jpeg;jpe;resx;tiff;tif;png;wav;mfcribbon-ms</Extensions>
    </Filter>
    <Filter Include="Header Files\Graphics">
      <UniqueIdentifier>{37ddfe7a-2099-42a4-81f4-65fb53237319}</UniqueIdentifier>
    </Filter>
    <Filter Include="Header Files\Graphics\Core">
      <UniqueIdentifier>{bee5dfe6-e5ce-47bc-b607-5806a00578f9}</UniqueIdentifier>
    </Filter>
    <Filter Include="Source Files\Graphics">
      <UniqueIdentifier>{c19f3117-2a08-4810-8293-1274894599ac}</UniqueIdentifier>
    </Filter>
    <Filter Include="Source Files\Graphics\Core">
      <UniqueIdentifier>{e19c79d4-6f13-4f5d-8ef6-73323cf4bc42}</UniqueIdentifier>
    </Filter>
    <Filter Include="Header Files\Graphics\Memory">
      <UniqueIdentifier>{7bf1b5a5-930b-4242-a9f2-0510e74e024c}</UniqueIdentifier>
    </Filter>
    <Filter Include="Source Files\Graphics\Memory">
      <UniqueIdentifier>{42ae3468-e610-483c-83d1-2fb06712dcba}</UniqueIdentifier>
    </Filter>
    <Filter Include="Header Files\Graphics\Memory\VMA">
      <UniqueIdentifier>{cc8b8b01-bbfe-438d-bcc7-d4805b1451ae}</UniqueIdentifier>
    </Filter>
    <Filter Include="Header Files\Graphics\Render">
      <UniqueIdentifier>{56d15982-c105-468c-a350-d65999d9acfa}</UniqueIdentifier>
    </Filter>
    <Filter Include="Header Files\Graphics\Render\Renderers">
      <UniqueIdentifier>{66d8d112-f179-4e0c-8f81-de1377958543}</UniqueIdentifier>
    </Filter>
    <Filter Include="Source Files\Graphics\Render">
      <UniqueIdentifier>{dc559c8c-41e5-4209-81fe-93c0572b975f}</UniqueIdentifier>
    </Filter>
    <Filter Include="Source Files\Graphics\Render\Renderers">
      <UniqueIdentifier>{f30bd23f-879e-4110-8a8c-74c1167c77d0}</UniqueIdentifier>
    </Filter>
    <Filter Include="Source Files\Graphics\Textures">
      <UniqueIdentifier>{26d90a9d-782c-4ffb-8db9-3b1a70e3b8a5}</UniqueIdentifier>
    </Filter>
    <Filter Include="Header Files\Graphics\Textures">
      <UniqueIdentifier>{657dd418-2916-4097-9ffe-4e366310f63f}</UniqueIdentifier>
    </Filter>
  </ItemGroup>
  <ItemGroup>
    <ClCompile Include="LogicDevice.cpp">
      <Filter>Source Files\Graphics\Core</Filter>
    </ClCompile>
    <ClCompile Include="PhysicalDevice.cpp">
      <Filter>Source Files\Graphics\Core</Filter>
    </ClCompile>
    <ClCompile Include="SwapChain.cpp">
      <Filter>Source Files\Graphics\Core</Filter>
    </ClCompile>
    <ClCompile Include="System.cpp">
      <Filter>Source Files\Graphics\Core</Filter>
    </ClCompile>
    <ClCompile Include="Validation.cpp">
      <Filter>Source Files\Graphics\Core</Filter>
    </ClCompile>
    <ClCompile Include="Descriptor.cpp">
      <Filter>Source Files\Graphics\Memory</Filter>
    </ClCompile>
    <ClCompile Include="VkUtil.cpp">
      <Filter>Source Files\Graphics\Core</Filter>
    </ClCompile>
    <ClCompile Include="DeviceMemory.cpp">
      <Filter>Source Files\Graphics\Memory</Filter>
    </ClCompile>
    <ClCompile Include="ElementBuffer.cpp">
      <Filter>Source Files\Graphics\Memory</Filter>
    </ClCompile>
    <ClCompile Include="Image2D.cpp">
      <Filter>Source Files\Graphics\Memory</Filter>
    </ClCompile>
    <ClCompile Include="RenderPass.cpp">
      <Filter>Source Files\Graphics\Core</Filter>
    </ClCompile>
    <ClCompile Include="RendererPipeline.cpp">
      <Filter>Source Files\Graphics\Render</Filter>
    </ClCompile>
    <ClCompile Include="Shader.cpp">
      <Filter>Source Files\Graphics\Render</Filter>
    </ClCompile>
    <ClCompile Include="Vertex.cpp">
      <Filter>Source Files\Graphics\Render</Filter>
    </ClCompile>
    <ClCompile Include="BasicRenderer.cpp">
      <Filter>Source Files\Graphics\Render\Renderers</Filter>
    </ClCompile>
    <ClCompile Include="MeshLoader.cpp">
      <Filter>Source Files\Graphics\Render</Filter>
    </ClCompile>
    <ClCompile Include="TextureLoader.cpp">
      <Filter>Source Files\Graphics\Textures</Filter>
    </ClCompile>
    <ClCompile Include="TextureSampler.cpp">
      <Filter>Source Files\Graphics\Textures</Filter>
    </ClCompile>
    <ClCompile Include="TexturedRenderer.cpp">
      <Filter>Source Files\Graphics\Render\Renderers</Filter>
    </ClCompile>
    <ClCompile Include="LoopRenderer.cpp">
      <Filter>Source Files\Graphics\Render\Renderers</Filter>
    </ClCompile>
    <ClCompile Include="ComputeRenderer.cpp">
      <Filter>Source Files\Graphics\Render\Renderers</Filter>
    </ClCompile>
    <ClCompile Include="StorageBuffer.cpp">
      <Filter>Source Files\Graphics\Memory</Filter>
    </ClCompile>
    <ClCompile Include="ComputePipeline.cpp">
      <Filter>Source Files\Graphics\Render</Filter>
    </ClCompile>
    <ClCompile Include="ComputeFetchRenderer.cpp">
      <Filter>Source Files\Graphics\Render\Renderers</Filter>
    </ClCompile>
    <ClCompile Include="RenderStorage.cpp">
      <Filter>Source Files\Graphics\Memory</Filter>
    </ClCompile>
  </ItemGroup>
  <ItemGroup>
    <ClInclude Include="LogicDevice.h">
      <Filter>Header Files\Graphics\Core</Filter>
    </ClInclude>
    <ClInclude Include="PhysicalDevice.h">
      <Filter>Header Files\Graphics\Core</Filter>
    </ClInclude>
    <ClInclude Include="SwapChain.h">
      <Filter>Header Files\Graphics\Core</Filter>
    </ClInclude>
    <ClInclude Include="System.h">
      <Filter>Header Files\Graphics\Core</Filter>
    </ClInclude>
    <ClInclude Include="Validation.h">
      <Filter>Header Files\Graphics\Core</Filter>
    </ClInclude>
    <ClInclude Include="VkUtil.h">
      <Filter>Header Files\Graphics\Core</Filter>
    </ClInclude>
    <ClInclude Include="Descriptor.h">
      <Filter>Header Files\Graphics\Memory</Filter>
    </ClInclude>
    <ClInclude Include="RenderPass.h">
      <Filter>Header Files\Graphics\Core</Filter>
    </ClInclude>
    <ClInclude Include="DeviceMemory.h">
      <Filter>Header Files\Graphics\Memory</Filter>
    </ClInclude>
    <ClInclude Include="ElementBuffer.h">
      <Filter>Header Files\Graphics\Memory</Filter>
    </ClInclude>
    <ClInclude Include="MemoryAllocation.h">
      <Filter>Header Files\Graphics\Memory</Filter>
    </ClInclude>
    <ClInclude Include="Image2D.h">
      <Filter>Header Files\Graphics\Memory</Filter>
    </ClInclude>
    <ClInclude Include="RendererPipeline.h">
      <Filter>Header Files\Graphics\Render</Filter>
    </ClInclude>
    <ClInclude Include="vk_mem_alloc.h">
      <Filter>Header Files\Graphics\Memory\VMA</Filter>
    </ClInclude>
    <ClInclude Include="Shader.h">
      <Filter>Header Files\Graphics\Render</Filter>
    </ClInclude>
    <ClInclude Include="Vertex.h">
      <Filter>Header Files\Graphics\Render</Filter>
    </ClInclude>
    <ClInclude Include="BasicRenderer.h">
      <Filter>Header Files\Graphics\Render\Renderers</Filter>
    </ClInclude>
    <ClInclude Include="RendererBase.h">
      <Filter>Header Files\Graphics\Render\Renderers</Filter>
    </ClInclude>
    <ClInclude Include="MeshLoader.h">
      <Filter>Header Files\Graphics\Render</Filter>
    </ClInclude>
    <ClInclude Include="Mesh.h">
      <Filter>Header Files\Graphics\Render</Filter>
    </ClInclude>
    <ClInclude Include="TextureLoader.h">
      <Filter>Header Files\Graphics\Textures</Filter>
    </ClInclude>
    <ClInclude Include="TextureSampler.h">
      <Filter>Header Files\Graphics\Textures</Filter>
    </ClInclude>
    <ClInclude Include="TexturedRenderer.h">
      <Filter>Header Files\Graphics\Render\Renderers</Filter>
    </ClInclude>
    <ClInclude Include="LoopRenderer.h">
      <Filter>Header Files\Graphics\Render\Renderers</Filter>
    </ClInclude>
    <ClInclude Include="ComputeRenderer.h">
      <Filter>Header Files\Graphics\Render\Renderers</Filter>
    </ClInclude>
    <ClInclude Include="ComputePipeline.h">
      <Filter>Header Files\Graphics\Render</Filter>
    </ClInclude>
    <ClInclude Include="StorageBuffer.h">
      <Filter>Header Files\Graphics\Memory</Filter>
    </ClInclude>
    <ClInclude Include="ComputeFetchRenderer.h">
      <Filter>Header Files\Graphics\Render\Renderers</Filter>
    </ClInclude>
    <ClInclude Include="RenderStorage.h">
      <Filter>Header Files\Graphics\Memory</Filter>
    </ClInclude>
    <ClInclude Include="DrawElementsCommand.h">
      <Filter>Header Files\Graphics\Render</Filter>
    </ClInclude>
  </ItemGroup>
</Project>