<?xml version="1.0" encoding="utf-8"?>
<Project ToolsVersion="4.0" xmlns="http://schemas.microsoft.com/developer/msbuild/2003">
  <ItemGroup>
    <Filter Include="Source Files">
      <UniqueIdentifier>{4FC737F1-C7A5-4376-A066-2A32D752A2FF}</UniqueIdentifier>
      <Extensions>cpp;c;cc;cxx;def;odl;idl;hpj;bat;asm;asmx</Extensions>
    </Filter>
    <Filter Include="Header Files">
      <UniqueIdentifier>{93995380-89BD-4b04-88EB-625FBE52EBFB}</UniqueIdentifier>
      <Extensions>h;hh;hpp;hxx;hm;inl;inc;ipp;xsd</Extensions>
    </Filter>
    <Filter Include="Resource Files">
      <UniqueIdentifier>{67DA6AB6-F800-4c08-8B7A-83BB121AAD01}</UniqueIdentifier>
      <Extensions>rc;ico;cur;bmp;dlg;rc2;rct;bin;rgs;gif;jpg;jpeg;jpe;resx;tiff;tif;png;wav;mfcribbon-ms</Extensions>
    </Filter>
    <Filter Include="Header Files\GL3W">
      <UniqueIdentifier>{3afe40ad-dce2-46b5-9c0c-2e7dde2280be}</UniqueIdentifier>
    </Filter>
    <Filter Include="Source Files\GL3W">
      <UniqueIdentifier>{9b4e81b5-6968-4911-9e61-787b1541d54f}</UniqueIdentifier>
    </Filter>
    <Filter Include="Header Files\Tests">
      <UniqueIdentifier>{d8eef988-6fac-4f48-9368-49c2eecd5337}</UniqueIdentifier>
    </Filter>
    <Filter Include="Source Files\Tests">
      <UniqueIdentifier>{0ccbc072-dcf0-4502-9c5c-6f7fd38b0074}</UniqueIdentifier>
    </Filter>
    <Filter Include="Header Files\Nvidia DDS">
      <UniqueIdentifier>{25c48544-b3a9-4333-8c45-f86d3ca2eb56}</UniqueIdentifier>
    </Filter>
    <Filter Include="Source Files\Nvidia DDS">
      <UniqueIdentifier>{065975be-2546-448a-b551-8989c4b58788}</UniqueIdentifier>
    </Filter>
    <Filter Include="Header Files\Tinyobj">
      <UniqueIdentifier>{691eeaac-c1ee-4a14-847c-395613b3a7df}</UniqueIdentifier>
    </Filter>
    <Filter Include="Header Files\OpenGL">
      <UniqueIdentifier>{2339f9b5-4bda-4c65-ba0a-ae4207ddc54f}</UniqueIdentifier>
    </Filter>
    <Filter Include="Source Files\OpenGL">
      <UniqueIdentifier>{6bd9eb12-d396-4d8a-ad27-0a9b225da79b}</UniqueIdentifier>
    </Filter>
  </ItemGroup>
  <ItemGroup>
    <Text Include="..\todo.txt" />
  </ItemGroup>
  <ItemGroup>
    <ClCompile Include="Utility.cpp">
      <Filter>Source Files</Filter>
    </ClCompile>
    <ClCompile Include="gl3w.c">
      <Filter>Source Files\GL3W</Filter>
    </ClCompile>
    <ClCompile Include="PerfMeasurer.cpp">
      <Filter>Source Files</Filter>
    </ClCompile>
    <ClCompile Include="UnitTester.cpp">
      <Filter>Source Files</Filter>
    </ClCompile>
    <ClCompile Include="nv_dds.cpp">
      <Filter>Source Files\Nvidia DDS</Filter>
    </ClCompile>
    <ClCompile Include="Mesh.cpp">
      <Filter>Source Files</Filter>
    </ClCompile>
    <ClCompile Include="MeshLoader.cpp">
      <Filter>Source Files</Filter>
    </ClCompile>
    <ClCompile Include="ShaderPipeline.cpp">
      <Filter>Source Files\OpenGL</Filter>
    </ClCompile>
    <ClCompile Include="TestStateLoader.cpp">
      <Filter>Source Files\Tests</Filter>
    </ClCompile>
  </ItemGroup>
  <ItemGroup>
    <ClInclude Include="PerfMeasurer.h">
      <Filter>Header Files</Filter>
    </ClInclude>
    <ClInclude Include="khrplatform.h">
      <Filter>Header Files\GL3W</Filter>
    </ClInclude>
    <ClInclude Include="gl3w.h">
      <Filter>Header Files\GL3W</Filter>
    </ClInclude>
    <ClInclude Include="glcorearb.h">
      <Filter>Header Files\GL3W</Filter>
    </ClInclude>
    <ClInclude Include="Utility.h">
      <Filter>Header Files</Filter>
    </ClInclude>
    <ClInclude Include="MeshLoader.h">
      <Filter>Header Files</Filter>
    </ClInclude>
    <ClInclude Include="Mesh.h">
      <Filter>Header Files</Filter>
    </ClInclude>
    <ClInclude Include="Transform.h">
      <Filter>Header Files</Filter>
    </ClInclude>
    <ClInclude Include="UnitTester.h">
      <Filter>Header Files\Tests</Filter>
    </ClInclude>
    <ClInclude Include="Texture.h">
      <Filter>Header Files</Filter>
    </ClInclude>
    <ClInclude Include="nv_dds.h">
      <Filter>Header Files\Nvidia DDS</Filter>
    </ClInclude>
    <ClInclude Include="tiny_obj_loader.h">
      <Filter>Header Files\Tinyobj</Filter>
    </ClInclude>
    <ClInclude Include="RendererBase.h">
      <Filter>Header Files\OpenGL</Filter>
    </ClInclude>
    <ClInclude Include="ShaderPipeline.h">
      <Filter>Header Files\OpenGL</Filter>
    </ClInclude>
    <ClInclude Include="TestStateLoader.h">
      <Filter>Header Files\Tests</Filter>
    </ClInclude>
  </ItemGroup>
</Project>